
Microsoft Visual Studio Solution File, Format Version 12.00
# Visual Studio Version 17
VisualStudioVersion = 17.3.32922.545
MinimumVisualStudioVersion = 10.0.40219.1
Project("{FAE04EC0-301F-11D3-BF4B-00C04F79EFBC}") = "count the the of digit", "count the the of digit\count the the of digit.csproj", "{DDC212B9-3B8A-410C-B414-179438451CDE}"
EndProject
Global
	GlobalSection(SolutionConfigurationPlatforms) = preSolution
		Debug|Any CPU = Debug|Any CPU
		Release|Any CPU = Release|Any CPU
	EndGlobalSection
	GlobalSection(ProjectConfigurationPlatforms) = postSolution
		{DDC212B9-3B8A-410C-B414-179438451CDE}.Debug|Any CPU.ActiveCfg = Debug|Any CPU
		{DDC212B9-3B8A-410C-B414-179438451CDE}.Debug|Any CPU.Build.0 = Debug|Any CPU
		{DDC212B9-3B8A-410C-B414-179438451CDE}.Release|Any CPU.ActiveCfg = Release|Any CPU
		{DDC212B9-3B8A-410C-B414-179438451CDE}.Release|Any CPU.Build.0 = Release|Any CPU
	EndGlobalSection
	GlobalSection(SolutionProperties) = preSolution
		HideSolutionNode = FALSE
	EndGlobalSection
	GlobalSection(ExtensibilityGlobals) = postSolution
		SolutionGuid = {B644B6FA-58A3-4076-8317-B7921B6B8D29}
	EndGlobalSection
EndGlobal
